{
  "name": "notifier",
  "version": "0.0.1",
  "lockfileVersion": 3,
  "requires": true,
  "packages": {
    "": {
      "name": "notifier",
      "version": "0.0.1",
      "license": "MIT",
      "dependencies": {
        "dotenv": "^17.2.1",
        "redis": "^5.8.2"
      },
      "engines": {
        "node": ">= 24.6.0"
      }
    },
    "node_modules/@redis/bloom": {
      "version": "5.8.2",
      "resolved": "https://registry.npmjs.org/@redis/bloom/-/bloom-5.8.2.tgz",
      "integrity": "sha512-855DR0ChetZLarblio5eM0yLwxA9Dqq50t8StXKp5bAtLT0G+rZ+eRzzqxl37sPqQKjUudSYypz55o6nNhbz0A==",
      "license": "MIT",
      "engines": {
        "node": ">= 18"
      },
      "peerDependencies": {
        "@redis/client": "^5.8.2"
      }
    },
    "node_modules/@redis/client": {
      "version": "5.8.2",
      "resolved": "https://registry.npmjs.org/@redis/client/-/client-5.8.2.tgz",
      "integrity": "sha512-WtMScno3+eBpTac1Uav2zugXEoXqaU23YznwvFgkPwBQVwEHTDgOG7uEAObtZ/Nyn8SmAMbqkEubJaMOvnqdsQ==",
      "license": "MIT",
      "dependencies": {
        "cluster-key-slot": "1.1.2"
      },
      "engines": {
        "node": ">= 18"
      }
    },
    "node_modules/@redis/json": {
      "version": "5.8.2",
      "resolved": "https://registry.npmjs.org/@redis/json/-/json-5.8.2.tgz",
      "integrity": "sha512-uxpVfas3I0LccBX9rIfDgJ0dBrUa3+0Gc8sEwmQQH0vHi7C1Rx1Qn8Nv1QWz5bohoeIXMICFZRcyDONvum2l/w==",
      "license": "MIT",
      "engines": {
        "node": ">= 18"
      },
      "peerDependencies": {
        "@redis/client": "^5.8.2"
      }
    },
    "node_modules/@redis/search": {
      "version": "5.8.2",
      "resolved": "https://registry.npmjs.org/@redis/search/-/search-5.8.2.tgz",
      "integrity": "sha512-cNv7HlgayavCBXqPXgaS97DRPVWFznuzsAmmuemi2TMCx5scwLiP50TeZvUS06h/MG96YNPe6A0Zt57yayfxwA==",
      "license": "MIT",
      "engines": {
        "node": ">= 18"
      },
      "peerDependencies": {
        "@redis/client": "^5.8.2"
      }
    },
    "node_modules/@redis/time-series": {
      "version": "5.8.2",
      "resolved": "https://registry.npmjs.org/@redis/time-series/-/time-series-5.8.2.tgz",
      "integrity": "sha512-g2NlHM07fK8H4k+613NBsk3y70R2JIM2dPMSkhIjl2Z17SYvaYKdusz85d7VYOrZBWtDrHV/WD2E3vGu+zni8A==",
      "license": "MIT",
      "engines": {
        "node": ">= 18"
      },
      "peerDependencies": {
        "@redis/client": "^5.8.2"
      }
    },
    "node_modules/cluster-key-slot": {
      "version": "1.1.2",
      "resolved": "https://registry.npmjs.org/cluster-key-slot/-/cluster-key-slot-1.1.2.tgz",
      "integrity": "sha512-RMr0FhtfXemyinomL4hrWcYJxmX6deFdCxpJzhDttxgO1+bcCnkk+9drydLVDmAMG7NE6aN/fl4F7ucU/90gAA==",
      "license": "Apache-2.0",
      "engines": {
        "node": ">=0.10.0"
      }
    },
    "node_modules/dotenv": {
      "version": "17.2.1",
      "resolved": "https://registry.npmjs.org/dotenv/-/dotenv-17.2.1.tgz",
      "integrity": "sha512-kQhDYKZecqnM0fCnzI5eIv5L4cAe/iRI+HqMbO/hbRdTAeXDG+M9FjipUxNfbARuEg4iHIbhnhs78BCHNbSxEQ==",
      "license": "BSD-2-Clause",
      "engines": {
        "node": ">=12"
      },
      "funding": {
        "url": "https://dotenvx.com"
      }
    },
    "node_modules/redis": {
      "version": "5.8.2",
      "resolved": "https://registry.npmjs.org/redis/-/redis-5.8.2.tgz",
      "integrity": "sha512-31vunZj07++Y1vcFGcnNWEf5jPoTkGARgfWI4+Tk55vdwHxhAvug8VEtW7Cx+/h47NuJTEg/JL77zAwC6E0OeA==",
      "license": "MIT",
      "dependencies": {
        "@redis/bloom": "5.8.2",
        "@redis/client": "5.8.2",
        "@redis/json": "5.8.2",
        "@redis/search": "5.8.2",
        "@redis/time-series": "5.8.2"
      },
      "engines": {
        "node": ">= 18"
      }
    }
  }
}
