{
  "name": "enricher",
  "version": "0.0.1",
  "lockfileVersion": 3,
  "requires": true,
  "packages": {
    "": {
      "name": "enricher",
      "version": "0.0.1",
      "license": "MIT",
      "dependencies": {
        "dotenv": "^17.2.1",
        "redis": "^5.8.3"
      },
      "engines": {
        "node": ">= 24.6.0"
      }
    },
    "node_modules/@redis/bloom": {
      "version": "5.8.3",
      "resolved": "https://registry.npmjs.org/@redis/bloom/-/bloom-5.8.3.tgz",
      "integrity": "sha512-1eldTzHvdW3Oi0TReb8m1yiFt8ZwyF6rv1NpZyG5R4TpCwuAdKQetBKoCw7D96tNFgsVVd6eL+NaGZZCqhRg4g==",
      "license": "MIT",
      "engines": {
        "node": ">= 18"
      },
      "peerDependencies": {
        "@redis/client": "^5.8.3"
      }
    },
    "node_modules/@redis/client": {
      "version": "5.8.3",
      "resolved": "https://registry.npmjs.org/@redis/client/-/client-5.8.3.tgz",
      "integrity": "sha512-MZVUE+l7LmMIYlIjubPosruJ9ltSLGFmJqsXApTqPLyHLjsJUSAbAJb/A3N34fEqean4ddiDkdWzNu4ZKPvRUg==",
      "license": "MIT",
      "dependencies": {
        "cluster-key-slot": "1.1.2"
      },
      "engines": {
        "node": ">= 18"
      }
    },
    "node_modules/@redis/json": {
      "version": "5.8.3",
      "resolved": "https://registry.npmjs.org/@redis/json/-/json-5.8.3.tgz",
      "integrity": "sha512-DRR09fy/u8gynHGJ4gzXYeM7D8nlS6EMv5o+h20ndTJiAc7RGR01fdk2FNjnn1Nz5PjgGGownF+s72bYG4nZKQ==",
      "license": "MIT",
      "engines": {
        "node": ">= 18"
      },
      "peerDependencies": {
        "@redis/client": "^5.8.3"
      }
    },
    "node_modules/@redis/search": {
      "version": "5.8.3",
      "resolved": "https://registry.npmjs.org/@redis/search/-/search-5.8.3.tgz",
      "integrity": "sha512-EMIvEeGRR2I0BJEz4PV88DyCuPmMT1rDtznlsHY3cKSDcc9vj0Q411jUnX0iU2vVowUgWn/cpySKjpXdZ8m+5g==",
      "license": "MIT",
      "engines": {
        "node": ">= 18"
      },
      "peerDependencies": {
        "@redis/client": "^5.8.3"
      }
    },
    "node_modules/@redis/time-series": {
      "version": "5.8.3",
      "resolved": "https://registry.npmjs.org/@redis/time-series/-/time-series-5.8.3.tgz",
      "integrity": "sha512-5Jwy3ilsUYQjzpE7WZ1lEeG1RkqQ5kHtwV1p8yxXHSEmyUbC/T/AVgyjMcm52Olj/Ov/mhDKjx6ndYUi14bXsw==",
      "license": "MIT",
      "engines": {
        "node": ">= 18"
      },
      "peerDependencies": {
        "@redis/client": "^5.8.3"
      }
    },
    "node_modules/cluster-key-slot": {
      "version": "1.1.2",
      "resolved": "https://registry.npmjs.org/cluster-key-slot/-/cluster-key-slot-1.1.2.tgz",
      "integrity": "sha512-RMr0FhtfXemyinomL4hrWcYJxmX6deFdCxpJzhDttxgO1+bcCnkk+9drydLVDmAMG7NE6aN/fl4F7ucU/90gAA==",
      "license": "Apache-2.0",
      "engines": {
        "node": ">=0.10.0"
      }
    },
    "node_modules/dotenv": {
      "version": "17.2.1",
      "resolved": "https://registry.npmjs.org/dotenv/-/dotenv-17.2.1.tgz",
      "integrity": "sha512-kQhDYKZecqnM0fCnzI5eIv5L4cAe/iRI+HqMbO/hbRdTAeXDG+M9FjipUxNfbARuEg4iHIbhnhs78BCHNbSxEQ==",
      "license": "BSD-2-Clause",
      "engines": {
        "node": ">=12"
      },
      "funding": {
        "url": "https://dotenvx.com"
      }
    },
    "node_modules/redis": {
      "version": "5.8.3",
      "resolved": "https://registry.npmjs.org/redis/-/redis-5.8.3.tgz",
      "integrity": "sha512-MfSrfV6+tEfTw8c4W0yFp6XWX8Il4laGU7Bx4kvW4uiYM1AuZ3KGqEGt1LdQHeD1nEyLpIWetZ/SpY3kkbgrYw==",
      "license": "MIT",
      "dependencies": {
        "@redis/bloom": "5.8.3",
        "@redis/client": "5.8.3",
        "@redis/json": "5.8.3",
        "@redis/search": "5.8.3",
        "@redis/time-series": "5.8.3"
      },
      "engines": {
        "node": ">= 18"
      }
    }
  }
}
